// !$*UTF8*$!
{
	archiveVersion = 1;
	classes = {
	};
	objectVersion = 46;
	objects = {

/* Begin PBXBuildFile section */
		570FF49E1AD6F9720054F8B6 /* UIKitExtensions.swift in Sources */ = {isa = PBXBuildFile; fileRef = 570FF49D1AD6F9720054F8B6 /* UIKitExtensions.swift */; };
		57316C781AD5C96C0081B5BB /* Roboto-Medium.ttf in Resources */ = {isa = PBXBuildFile; fileRef = 57316C751AD5C96C0081B5BB /* Roboto-Medium.ttf */; };
		57316C791AD5C96C0081B5BB /* Roboto-Regular.ttf in Resources */ = {isa = PBXBuildFile; fileRef = 57316C761AD5C96C0081B5BB /* Roboto-Regular.ttf */; };
		57316C7A1AD5C96C0081B5BB /* Roboto-Thin.ttf in Resources */ = {isa = PBXBuildFile; fileRef = 57316C771AD5C96C0081B5BB /* Roboto-Thin.ttf */; };
		57316C7C1AD5CD7C0081B5BB /* LoginViewController.swift in Sources */ = {isa = PBXBuildFile; fileRef = 57316C7B1AD5CD7C0081B5BB /* LoginViewController.swift */; };
		57432E811ADD4D5B00429876 /* ErrorUtils.swift in Sources */ = {isa = PBXBuildFile; fileRef = 57432E801ADD4D5B00429876 /* ErrorUtils.swift */; };
		57440FFE1ADEDA6200C7D358 /* CatastrophicViewController.swift in Sources */ = {isa = PBXBuildFile; fileRef = 57440FFD1ADEDA6200C7D358 /* CatastrophicViewController.swift */; };
		5768BA781AD7001F00311E58 /* Constants.swift in Sources */ = {isa = PBXBuildFile; fileRef = 5768BA771AD7001F00311E58 /* Constants.swift */; };
		5768BA7C1AD721DC00311E58 /* UdacityClient.swift in Sources */ = {isa = PBXBuildFile; fileRef = 5768BA7B1AD721DC00311E58 /* UdacityClient.swift */; };
		5768BA7E1AD72B8900311E58 /* UdacityConstants.swift in Sources */ = {isa = PBXBuildFile; fileRef = 5768BA7D1AD72B8900311E58 /* UdacityConstants.swift */; };
		576DC8931AE00A0C0026557C /* FBSDKCoreKit.framework in Frameworks */ = {isa = PBXBuildFile; fileRef = 576DC8911AE00A0C0026557C /* FBSDKCoreKit.framework */; };
		576DC8941AE00A0C0026557C /* FBSDKLoginKit.framework in Frameworks */ = {isa = PBXBuildFile; fileRef = 576DC8921AE00A0C0026557C /* FBSDKLoginKit.framework */; };
		578F3CB61AD5C4BE00416B99 /* AppDelegate.swift in Sources */ = {isa = PBXBuildFile; fileRef = 578F3CB51AD5C4BE00416B99 /* AppDelegate.swift */; };
		578F3CBB1AD5C4BE00416B99 /* Main.storyboard in Resources */ = {isa = PBXBuildFile; fileRef = 578F3CB91AD5C4BE00416B99 /* Main.storyboard */; };
		578F3CBD1AD5C4BE00416B99 /* Images.xcassets in Resources */ = {isa = PBXBuildFile; fileRef = 578F3CBC1AD5C4BE00416B99 /* Images.xcassets */; };
		578F3CC01AD5C4BE00416B99 /* LaunchScreen.xib in Resources */ = {isa = PBXBuildFile; fileRef = 578F3CBE1AD5C4BE00416B99 /* LaunchScreen.xib */; };
		578F3CCC1AD5C4BE00416B99 /* OnTheMapTests.swift in Sources */ = {isa = PBXBuildFile; fileRef = 578F3CCB1AD5C4BE00416B99 /* OnTheMapTests.swift */; };
		578F77641ADF0C0500B7A512 /* URLUtils.swift in Sources */ = {isa = PBXBuildFile; fileRef = 578F77631ADF0C0500B7A512 /* URLUtils.swift */; };
		578F77661ADF191E00B7A512 /* CountryListViewController.swift in Sources */ = {isa = PBXBuildFile; fileRef = 578F77651ADF191E00B7A512 /* CountryListViewController.swift */; };
		578F77691ADF199900B7A512 /* CountryInformation.swift in Sources */ = {isa = PBXBuildFile; fileRef = 578F77681ADF199900B7A512 /* CountryInformation.swift */; };
		578F776B1ADF34F200B7A512 /* ShareLinkWebPreviewViewController.swift in Sources */ = {isa = PBXBuildFile; fileRef = 578F776A1ADF34F200B7A512 /* ShareLinkWebPreviewViewController.swift */; };
		57DA1C5A1AE04A2E00C4FD28 /* SettingsViewController.swift in Sources */ = {isa = PBXBuildFile; fileRef = 57DA1C591AE04A2E00C4FD28 /* SettingsViewController.swift */; };
		57DD0FE31AD97CF700AC100C /* MapKit.framework in Frameworks */ = {isa = PBXBuildFile; fileRef = 57DD0FE21AD97CF700AC100C /* MapKit.framework */; };
		57DD0FE51AD9AD6A00AC100C /* DefineLocationViewController.swift in Sources */ = {isa = PBXBuildFile; fileRef = 57DD0FE41AD9AD6A00AC100C /* DefineLocationViewController.swift */; };
		57DD0FE71AD9B73800AC100C /* LocationDetailViewController.swift in Sources */ = {isa = PBXBuildFile; fileRef = 57DD0FE61AD9B73800AC100C /* LocationDetailViewController.swift */; };
		57DD0FE91AD9CB6300AC100C /* StudentsMapViewController.swift in Sources */ = {isa = PBXBuildFile; fileRef = 57DD0FE81AD9CB6300AC100C /* StudentsMapViewController.swift */; };
		57DD0FED1AD9D7E400AC100C /* StudentInformation.swift in Sources */ = {isa = PBXBuildFile; fileRef = 57DD0FEC1AD9D7E400AC100C /* StudentInformation.swift */; };
		57DD0FEF1AD9DF3800AC100C /* HTTPClient.swift in Sources */ = {isa = PBXBuildFile; fileRef = 57DD0FEE1AD9DF3800AC100C /* HTTPClient.swift */; };
		57DD0FF31AD9E20700AC100C /* ParseClient.swift in Sources */ = {isa = PBXBuildFile; fileRef = 57DD0FF21AD9E20700AC100C /* ParseClient.swift */; };
		57DD0FF61ADBFFFC00AC100C /* FoundationExtensions.swift in Sources */ = {isa = PBXBuildFile; fileRef = 57DD0FF51ADBFFFC00AC100C /* FoundationExtensions.swift */; };
		57DD0FF81ADC08CF00AC100C /* StudentInformationManager.swift in Sources */ = {isa = PBXBuildFile; fileRef = 57DD0FF71ADC08CF00AC100C /* StudentInformationManager.swift */; };
		57DD0FFC1ADC1DB500AC100C /* StudentsListViewController.swift in Sources */ = {isa = PBXBuildFile; fileRef = 57DD0FFB1ADC1DB500AC100C /* StudentsListViewController.swift */; };
		57DD10011ADC765C00AC100C /* UdacityUser.swift in Sources */ = {isa = PBXBuildFile; fileRef = 57DD10001ADC765C00AC100C /* UdacityUser.swift */; };
		57E8B94B1AE073500039D1FB /* PaginatedParseClient.swift in Sources */ = {isa = PBXBuildFile; fileRef = 57E8B94A1AE073500039D1FB /* PaginatedParseClient.swift */; };
/* End PBXBuildFile section */

/* Begin PBXContainerItemProxy section */
		578F3CC61AD5C4BE00416B99 /* PBXContainerItemProxy */ = {
			isa = PBXContainerItemProxy;
			containerPortal = 578F3CA81AD5C4BE00416B99 /* Project object */;
			proxyType = 1;
			remoteGlobalIDString = 578F3CAF1AD5C4BE00416B99;
			remoteInfo = OnTheMap;
		};
/* End PBXContainerItemProxy section */

/* Begin PBXFileReference section */
		570FF49D1AD6F9720054F8B6 /* UIKitExtensions.swift */ = {isa = PBXFileReference; fileEncoding = 4; lastKnownFileType = sourcecode.swift; path = UIKitExtensions.swift; sourceTree = "<group>"; };
		57316C751AD5C96C0081B5BB /* Roboto-Medium.ttf */ = {isa = PBXFileReference; lastKnownFileType = file; path = "Roboto-Medium.ttf"; sourceTree = "<group>"; };
		57316C761AD5C96C0081B5BB /* Roboto-Regular.ttf */ = {isa = PBXFileReference; lastKnownFileType = file; path = "Roboto-Regular.ttf"; sourceTree = "<group>"; };
		57316C771AD5C96C0081B5BB /* Roboto-Thin.ttf */ = {isa = PBXFileReference; lastKnownFileType = file; path = "Roboto-Thin.ttf"; sourceTree = "<group>"; };
		57316C7B1AD5CD7C0081B5BB /* LoginViewController.swift */ = {isa = PBXFileReference; fileEncoding = 4; lastKnownFileType = sourcecode.swift; path = LoginViewController.swift; sourceTree = "<group>"; };
		57432E801ADD4D5B00429876 /* ErrorUtils.swift */ = {isa = PBXFileReference; fileEncoding = 4; lastKnownFileType = sourcecode.swift; path = ErrorUtils.swift; sourceTree = "<group>"; };
		57440FFD1ADEDA6200C7D358 /* CatastrophicViewController.swift */ = {isa = PBXFileReference; fileEncoding = 4; lastKnownFileType = sourcecode.swift; path = CatastrophicViewController.swift; sourceTree = "<group>"; };
		5768BA771AD7001F00311E58 /* Constants.swift */ = {isa = PBXFileReference; fileEncoding = 4; lastKnownFileType = sourcecode.swift; path = Constants.swift; sourceTree = "<group>"; };
		5768BA791AD70E2400311E58 /* README.md */ = {isa = PBXFileReference; fileEncoding = 4; lastKnownFileType = net.daringfireball.markdown; path = README.md; sourceTree = "<group>"; };
		5768BA7B1AD721DC00311E58 /* UdacityClient.swift */ = {isa = PBXFileReference; fileEncoding = 4; lastKnownFileType = sourcecode.swift; path = UdacityClient.swift; sourceTree = "<group>"; };
		5768BA7D1AD72B8900311E58 /* UdacityConstants.swift */ = {isa = PBXFileReference; fileEncoding = 4; lastKnownFileType = sourcecode.swift; path = UdacityConstants.swift; sourceTree = "<group>"; };
		576DC88C1AE0047A0026557C /* Bridging-Header.h */ = {isa = PBXFileReference; lastKnownFileType = sourcecode.c.h; path = "Bridging-Header.h"; sourceTree = "<group>"; };
		576DC8911AE00A0C0026557C /* FBSDKCoreKit.framework */ = {isa = PBXFileReference; lastKnownFileType = wrapper.framework; name = FBSDKCoreKit.framework; path = ../../../../../Documents/FacebookSDK/FBSDKCoreKit.framework; sourceTree = "<group>"; };
		576DC8921AE00A0C0026557C /* FBSDKLoginKit.framework */ = {isa = PBXFileReference; lastKnownFileType = wrapper.framework; name = FBSDKLoginKit.framework; path = ../../../../../Documents/FacebookSDK/FBSDKLoginKit.framework; sourceTree = "<group>"; };
		578F3CB01AD5C4BE00416B99 /* OnTheMap.app */ = {isa = PBXFileReference; explicitFileType = wrapper.application; includeInIndex = 0; path = OnTheMap.app; sourceTree = BUILT_PRODUCTS_DIR; };
		578F3CB41AD5C4BE00416B99 /* Info.plist */ = {isa = PBXFileReference; lastKnownFileType = text.plist.xml; path = Info.plist; sourceTree = "<group>"; };
		578F3CB51AD5C4BE00416B99 /* AppDelegate.swift */ = {isa = PBXFileReference; lastKnownFileType = sourcecode.swift; path = AppDelegate.swift; sourceTree = "<group>"; };
		578F3CBA1AD5C4BE00416B99 /* Base */ = {isa = PBXFileReference; lastKnownFileType = file.storyboard; name = Base; path = Base.lproj/Main.storyboard; sourceTree = "<group>"; };
		578F3CBC1AD5C4BE00416B99 /* Images.xcassets */ = {isa = PBXFileReference; lastKnownFileType = folder.assetcatalog; path = Images.xcassets; sourceTree = "<group>"; };
		578F3CBF1AD5C4BE00416B99 /* Base */ = {isa = PBXFileReference; lastKnownFileType = file.xib; name = Base; path = Base.lproj/LaunchScreen.xib; sourceTree = "<group>"; };
		578F3CC51AD5C4BE00416B99 /* OnTheMapTests.xctest */ = {isa = PBXFileReference; explicitFileType = wrapper.cfbundle; includeInIndex = 0; path = OnTheMapTests.xctest; sourceTree = BUILT_PRODUCTS_DIR; };
		578F3CCA1AD5C4BE00416B99 /* Info.plist */ = {isa = PBXFileReference; lastKnownFileType = text.plist.xml; path = Info.plist; sourceTree = "<group>"; };
		578F3CCB1AD5C4BE00416B99 /* OnTheMapTests.swift */ = {isa = PBXFileReference; lastKnownFileType = sourcecode.swift; path = OnTheMapTests.swift; sourceTree = "<group>"; };
		578F77631ADF0C0500B7A512 /* URLUtils.swift */ = {isa = PBXFileReference; fileEncoding = 4; lastKnownFileType = sourcecode.swift; path = URLUtils.swift; sourceTree = "<group>"; };
		578F77651ADF191E00B7A512 /* CountryListViewController.swift */ = {isa = PBXFileReference; fileEncoding = 4; lastKnownFileType = sourcecode.swift; path = CountryListViewController.swift; sourceTree = "<group>"; };
		578F77681ADF199900B7A512 /* CountryInformation.swift */ = {isa = PBXFileReference; fileEncoding = 4; lastKnownFileType = sourcecode.swift; path = CountryInformation.swift; sourceTree = "<group>"; };
		578F776A1ADF34F200B7A512 /* ShareLinkWebPreviewViewController.swift */ = {isa = PBXFileReference; fileEncoding = 4; lastKnownFileType = sourcecode.swift; path = ShareLinkWebPreviewViewController.swift; sourceTree = "<group>"; };
		57DA1C591AE04A2E00C4FD28 /* SettingsViewController.swift */ = {isa = PBXFileReference; fileEncoding = 4; lastKnownFileType = sourcecode.swift; path = SettingsViewController.swift; sourceTree = "<group>"; };
		57DD0FE21AD97CF700AC100C /* MapKit.framework */ = {isa = PBXFileReference; lastKnownFileType = wrapper.framework; name = MapKit.framework; path = System/Library/Frameworks/MapKit.framework; sourceTree = SDKROOT; };
		57DD0FE41AD9AD6A00AC100C /* DefineLocationViewController.swift */ = {isa = PBXFileReference; fileEncoding = 4; lastKnownFileType = sourcecode.swift; path = DefineLocationViewController.swift; sourceTree = "<group>"; };
		57DD0FE61AD9B73800AC100C /* LocationDetailViewController.swift */ = {isa = PBXFileReference; fileEncoding = 4; lastKnownFileType = sourcecode.swift; path = LocationDetailViewController.swift; sourceTree = "<group>"; };
		57DD0FE81AD9CB6300AC100C /* StudentsMapViewController.swift */ = {isa = PBXFileReference; fileEncoding = 4; lastKnownFileType = sourcecode.swift; path = StudentsMapViewController.swift; sourceTree = "<group>"; };
		57DD0FEC1AD9D7E400AC100C /* StudentInformation.swift */ = {isa = PBXFileReference; fileEncoding = 4; lastKnownFileType = sourcecode.swift; path = StudentInformation.swift; sourceTree = "<group>"; };
		57DD0FEE1AD9DF3800AC100C /* HTTPClient.swift */ = {isa = PBXFileReference; fileEncoding = 4; lastKnownFileType = sourcecode.swift; path = HTTPClient.swift; sourceTree = "<group>"; };
		57DD0FF21AD9E20700AC100C /* ParseClient.swift */ = {isa = PBXFileReference; fileEncoding = 4; lastKnownFileType = sourcecode.swift; path = ParseClient.swift; sourceTree = "<group>"; };
		57DD0FF51ADBFFFC00AC100C /* FoundationExtensions.swift */ = {isa = PBXFileReference; fileEncoding = 4; lastKnownFileType = sourcecode.swift; path = FoundationExtensions.swift; sourceTree = "<group>"; };
		57DD0FF71ADC08CF00AC100C /* StudentInformationManager.swift */ = {isa = PBXFileReference; fileEncoding = 4; lastKnownFileType = sourcecode.swift; path = StudentInformationManager.swift; sourceTree = "<group>"; };
		57DD0FFB1ADC1DB500AC100C /* StudentsListViewController.swift */ = {isa = PBXFileReference; fileEncoding = 4; lastKnownFileType = sourcecode.swift; path = StudentsListViewController.swift; sourceTree = "<group>"; };
		57DD10001ADC765C00AC100C /* UdacityUser.swift */ = {isa = PBXFileReference; fileEncoding = 4; lastKnownFileType = sourcecode.swift; path = UdacityUser.swift; sourceTree = "<group>"; };
		57E8B94A1AE073500039D1FB /* PaginatedParseClient.swift */ = {isa = PBXFileReference; fileEncoding = 4; lastKnownFileType = sourcecode.swift; path = PaginatedParseClient.swift; sourceTree = "<group>"; };
/* End PBXFileReference section */

/* Begin PBXFrameworksBuildPhase section */
		578F3CAD1AD5C4BE00416B99 /* Frameworks */ = {
			isa = PBXFrameworksBuildPhase;
			buildActionMask = 2147483647;
			files = (
				57DD0FE31AD97CF700AC100C /* MapKit.framework in Frameworks */,
				576DC8931AE00A0C0026557C /* FBSDKCoreKit.framework in Frameworks */,
				576DC8941AE00A0C0026557C /* FBSDKLoginKit.framework in Frameworks */,
			);
			runOnlyForDeploymentPostprocessing = 0;
		};
		578F3CC21AD5C4BE00416B99 /* Frameworks */ = {
			isa = PBXFrameworksBuildPhase;
			buildActionMask = 2147483647;
			files = (
			);
			runOnlyForDeploymentPostprocessing = 0;
		};
/* End PBXFrameworksBuildPhase section */

/* Begin PBXGroup section */
		57316C731AD5C81D0081B5BB /* Resources */ = {
			isa = PBXGroup;
			children = (
				57316C741AD5C8250081B5BB /* Fonts */,
			);
			name = Resources;
			sourceTree = "<group>";
		};
		57316C741AD5C8250081B5BB /* Fonts */ = {
			isa = PBXGroup;
			children = (
				57316C751AD5C96C0081B5BB /* Roboto-Medium.ttf */,
				57316C761AD5C96C0081B5BB /* Roboto-Regular.ttf */,
				57316C771AD5C96C0081B5BB /* Roboto-Thin.ttf */,
			);
			name = Fonts;
			sourceTree = "<group>";
		};
		57432E821ADD4D6300429876 /* Utils */ = {
			isa = PBXGroup;
			children = (
				5768BA771AD7001F00311E58 /* Constants.swift */,
				57432E801ADD4D5B00429876 /* ErrorUtils.swift */,
				578F77631ADF0C0500B7A512 /* URLUtils.swift */,
			);
			name = Utils;
			sourceTree = "<group>";
		};
		5768BA7F1AD72B8F00311E58 /* Model */ = {
			isa = PBXGroup;
			children = (
				57DD0FFF1ADC442300AC100C /* Student location */,
				57DD0FF41AD9E4E100AC100C /* Parse */,
				57DD0FF11AD9E1DA00AC100C /* Udacity */,
				57DD0FF01AD9E17D00AC100C /* Generic */,
			);
			name = Model;
			sourceTree = "<group>";
		};
		578F3CA71AD5C4BE00416B99 = {
			isa = PBXGroup;
			children = (
				576DC8911AE00A0C0026557C /* FBSDKCoreKit.framework */,
				576DC8921AE00A0C0026557C /* FBSDKLoginKit.framework */,
				57DD0FE21AD97CF700AC100C /* MapKit.framework */,
				5768BA791AD70E2400311E58 /* README.md */,
				578F3CB21AD5C4BE00416B99 /* OnTheMap */,
				578F3CC81AD5C4BE00416B99 /* OnTheMapTests */,
				578F3CB11AD5C4BE00416B99 /* Products */,
			);
			sourceTree = "<group>";
		};
		578F3CB11AD5C4BE00416B99 /* Products */ = {
			isa = PBXGroup;
			children = (
				578F3CB01AD5C4BE00416B99 /* OnTheMap.app */,
				578F3CC51AD5C4BE00416B99 /* OnTheMapTests.xctest */,
			);
			name = Products;
			sourceTree = "<group>";
		};
		578F3CB21AD5C4BE00416B99 /* OnTheMap */ = {
			isa = PBXGroup;
			children = (
				578F3CB51AD5C4BE00416B99 /* AppDelegate.swift */,
				578F3CB91AD5C4BE00416B99 /* Main.storyboard */,
				5768BA7F1AD72B8F00311E58 /* Model */,
				57DD0FF91ADC1CBE00AC100C /* Controller */,
				57432E821ADD4D6300429876 /* Utils */,
				578F77621ADF03D000B7A512 /* Core extensions */,
				578F3CBC1AD5C4BE00416B99 /* Images.xcassets */,
				578F3CBE1AD5C4BE00416B99 /* LaunchScreen.xib */,
				57316C731AD5C81D0081B5BB /* Resources */,
				578F3CB31AD5C4BE00416B99 /* Supporting Files */,
			);
			path = OnTheMap;
			sourceTree = "<group>";
		};
		578F3CB31AD5C4BE00416B99 /* Supporting Files */ = {
			isa = PBXGroup;
			children = (
				576DC88C1AE0047A0026557C /* Bridging-Header.h */,
				578F3CB41AD5C4BE00416B99 /* Info.plist */,
			);
			name = "Supporting Files";
			sourceTree = "<group>";
		};
		578F3CC81AD5C4BE00416B99 /* OnTheMapTests */ = {
			isa = PBXGroup;
			children = (
				578F3CCB1AD5C4BE00416B99 /* OnTheMapTests.swift */,
				578F3CC91AD5C4BE00416B99 /* Supporting Files */,
			);
			path = OnTheMapTests;
			sourceTree = "<group>";
		};
		578F3CC91AD5C4BE00416B99 /* Supporting Files */ = {
			isa = PBXGroup;
			children = (
				578F3CCA1AD5C4BE00416B99 /* Info.plist */,
			);
			name = "Supporting Files";
			sourceTree = "<group>";
		};
		578F77621ADF03D000B7A512 /* Core extensions */ = {
			isa = PBXGroup;
			children = (
				570FF49D1AD6F9720054F8B6 /* UIKitExtensions.swift */,
				57DD0FF51ADBFFFC00AC100C /* FoundationExtensions.swift */,
			);
			name = "Core extensions";
			sourceTree = "<group>";
		};
		57DA1C5B1AE04EA400C4FD28 /* Settings */ = {
			isa = PBXGroup;
			children = (
				57DA1C591AE04A2E00C4FD28 /* SettingsViewController.swift */,
			);
			name = Settings;
			sourceTree = "<group>";
		};
		57DD0FF01AD9E17D00AC100C /* Generic */ = {
			isa = PBXGroup;
			children = (
				57DD0FEE1AD9DF3800AC100C /* HTTPClient.swift */,
			);
			name = Generic;
			sourceTree = "<group>";
		};
		57DD0FF11AD9E1DA00AC100C /* Udacity */ = {
			isa = PBXGroup;
			children = (
				5768BA7B1AD721DC00311E58 /* UdacityClient.swift */,
				5768BA7D1AD72B8900311E58 /* UdacityConstants.swift */,
				57DD10001ADC765C00AC100C /* UdacityUser.swift */,
			);
			name = Udacity;
			sourceTree = "<group>";
		};
		57DD0FF41AD9E4E100AC100C /* Parse */ = {
			isa = PBXGroup;
			children = (
				57DD0FF21AD9E20700AC100C /* ParseClient.swift */,
				57E8B94A1AE073500039D1FB /* PaginatedParseClient.swift */,
			);
			name = Parse;
			sourceTree = "<group>";
		};
		57DD0FF91ADC1CBE00AC100C /* Controller */ = {
			isa = PBXGroup;
			children = (
				57DD0FFE1ADC43E900AC100C /* Login view */,
				57DD0FFA1ADC1CCD00AC100C /* Student location tabbed view */,
				57DD0FFD1ADC43C500AC100C /* Information posting view */,
				57DA1C5B1AE04EA400C4FD28 /* Settings */,
			);
			name = Controller;
			sourceTree = "<group>";
		};
		57DD0FFA1ADC1CCD00AC100C /* Student location tabbed view */ = {
			isa = PBXGroup;
			children = (
				57DD0FE81AD9CB6300AC100C /* StudentsMapViewController.swift */,
				57DD0FFB1ADC1DB500AC100C /* StudentsListViewController.swift */,
				578F77651ADF191E00B7A512 /* CountryListViewController.swift */,
			);
			name = "Student location tabbed view";
			sourceTree = "<group>";
		};
		57DD0FFD1ADC43C500AC100C /* Information posting view */ = {
			isa = PBXGroup;
			children = (
				57DD0FE41AD9AD6A00AC100C /* DefineLocationViewController.swift */,
				57DD0FE61AD9B73800AC100C /* LocationDetailViewController.swift */,
				578F776A1ADF34F200B7A512 /* ShareLinkWebPreviewViewController.swift */,
			);
			name = "Information posting view";
			sourceTree = "<group>";
		};
		57DD0FFE1ADC43E900AC100C /* Login view */ = {
			isa = PBXGroup;
			children = (
				57316C7B1AD5CD7C0081B5BB /* LoginViewController.swift */,
				57440FFD1ADEDA6200C7D358 /* CatastrophicViewController.swift */,
			);
			name = "Login view";
			sourceTree = "<group>";
		};
		57DD0FFF1ADC442300AC100C /* Student location */ = {
			isa = PBXGroup;
			children = (
				57DD0FF71ADC08CF00AC100C /* StudentInformationManager.swift */,
				57DD0FEC1AD9D7E400AC100C /* StudentInformation.swift */,
				578F77681ADF199900B7A512 /* CountryInformation.swift */,
			);
			name = "Student location";
			sourceTree = "<group>";
		};
/* End PBXGroup section */

/* Begin PBXNativeTarget section */
		578F3CAF1AD5C4BE00416B99 /* OnTheMap */ = {
			isa = PBXNativeTarget;
			buildConfigurationList = 578F3CCF1AD5C4BE00416B99 /* Build configuration list for PBXNativeTarget "OnTheMap" */;
			buildPhases = (
				578F3CAC1AD5C4BE00416B99 /* Sources */,
				578F3CAD1AD5C4BE00416B99 /* Frameworks */,
				578F3CAE1AD5C4BE00416B99 /* Resources */,
			);
			buildRules = (
			);
			dependencies = (
			);
			name = OnTheMap;
			productName = OnTheMap;
			productReference = 578F3CB01AD5C4BE00416B99 /* OnTheMap.app */;
			productType = "com.apple.product-type.application";
		};
		578F3CC41AD5C4BE00416B99 /* OnTheMapTests */ = {
			isa = PBXNativeTarget;
			buildConfigurationList = 578F3CD21AD5C4BE00416B99 /* Build configuration list for PBXNativeTarget "OnTheMapTests" */;
			buildPhases = (
				578F3CC11AD5C4BE00416B99 /* Sources */,
				578F3CC21AD5C4BE00416B99 /* Frameworks */,
				578F3CC31AD5C4BE00416B99 /* Resources */,
			);
			buildRules = (
			);
			dependencies = (
				578F3CC71AD5C4BE00416B99 /* PBXTargetDependency */,
			);
			name = OnTheMapTests;
			productName = OnTheMapTests;
			productReference = 578F3CC51AD5C4BE00416B99 /* OnTheMapTests.xctest */;
			productType = "com.apple.product-type.bundle.unit-test";
		};
/* End PBXNativeTarget section */

/* Begin PBXProject section */
		578F3CA81AD5C4BE00416B99 /* Project object */ = {
			isa = PBXProject;
			attributes = {
				LastUpgradeCheck = 0620;
				ORGANIZATIONNAME = "Humberto Aquino";
				TargetAttributes = {
					578F3CAF1AD5C4BE00416B99 = {
						CreatedOnToolsVersion = 6.2;
						SystemCapabilities = {
							com.apple.Maps.iOS = {
								enabled = 1;
							};
						};
					};
					578F3CC41AD5C4BE00416B99 = {
						CreatedOnToolsVersion = 6.2;
						TestTargetID = 578F3CAF1AD5C4BE00416B99;
					};
				};
			};
			buildConfigurationList = 578F3CAB1AD5C4BE00416B99 /* Build configuration list for PBXProject "OnTheMap" */;
			compatibilityVersion = "Xcode 3.2";
			developmentRegion = English;
			hasScannedForEncodings = 0;
			knownRegions = (
				en,
				Base,
			);
			mainGroup = 578F3CA71AD5C4BE00416B99;
			productRefGroup = 578F3CB11AD5C4BE00416B99 /* Products */;
			projectDirPath = "";
			projectRoot = "";
			targets = (
				578F3CAF1AD5C4BE00416B99 /* OnTheMap */,
				578F3CC41AD5C4BE00416B99 /* OnTheMapTests */,
			);
		};
/* End PBXProject section */

/* Begin PBXResourcesBuildPhase section */
		578F3CAE1AD5C4BE00416B99 /* Resources */ = {
			isa = PBXResourcesBuildPhase;
			buildActionMask = 2147483647;
			files = (
				57316C781AD5C96C0081B5BB /* Roboto-Medium.ttf in Resources */,
				578F3CBB1AD5C4BE00416B99 /* Main.storyboard in Resources */,
				57316C7A1AD5C96C0081B5BB /* Roboto-Thin.ttf in Resources */,
				57316C791AD5C96C0081B5BB /* Roboto-Regular.ttf in Resources */,
				578F3CC01AD5C4BE00416B99 /* LaunchScreen.xib in Resources */,
				578F3CBD1AD5C4BE00416B99 /* Images.xcassets in Resources */,
			);
			runOnlyForDeploymentPostprocessing = 0;
		};
		578F3CC31AD5C4BE00416B99 /* Resources */ = {
			isa = PBXResourcesBuildPhase;
			buildActionMask = 2147483647;
			files = (
			);
			runOnlyForDeploymentPostprocessing = 0;
		};
/* End PBXResourcesBuildPhase section */

/* Begin PBXSourcesBuildPhase section */
		578F3CAC1AD5C4BE00416B99 /* Sources */ = {
			isa = PBXSourcesBuildPhase;
			buildActionMask = 2147483647;
			files = (
				57DD0FFC1ADC1DB500AC100C /* StudentsListViewController.swift in Sources */,
				578F776B1ADF34F200B7A512 /* ShareLinkWebPreviewViewController.swift in Sources */,
				578F77661ADF191E00B7A512 /* CountryListViewController.swift in Sources */,
				57DD0FE91AD9CB6300AC100C /* StudentsMapViewController.swift in Sources */,
				57E8B94B1AE073500039D1FB /* PaginatedParseClient.swift in Sources */,
				57DD0FED1AD9D7E400AC100C /* StudentInformation.swift in Sources */,
				57DD0FEF1AD9DF3800AC100C /* HTTPClient.swift in Sources */,
				57DD0FE71AD9B73800AC100C /* LocationDetailViewController.swift in Sources */,
				570FF49E1AD6F9720054F8B6 /* UIKitExtensions.swift in Sources */,
				57440FFE1ADEDA6200C7D358 /* CatastrophicViewController.swift in Sources */,
				5768BA7E1AD72B8900311E58 /* UdacityConstants.swift in Sources */,
				57DD0FF81ADC08CF00AC100C /* StudentInformationManager.swift in Sources */,
				57432E811ADD4D5B00429876 /* ErrorUtils.swift in Sources */,
				57316C7C1AD5CD7C0081B5BB /* LoginViewController.swift in Sources */,
				578F77691ADF199900B7A512 /* CountryInformation.swift in Sources */,
				57DD0FE51AD9AD6A00AC100C /* DefineLocationViewController.swift in Sources */,
				57DA1C5A1AE04A2E00C4FD28 /* SettingsViewController.swift in Sources */,
				578F77641ADF0C0500B7A512 /* URLUtils.swift in Sources */,
				5768BA7C1AD721DC00311E58 /* UdacityClient.swift in Sources */,
				578F3CB61AD5C4BE00416B99 /* AppDelegate.swift in Sources */,
				5768BA781AD7001F00311E58 /* Constants.swift in Sources */,
				57DD0FF31AD9E20700AC100C /* ParseClient.swift in Sources */,
				57DD10011ADC765C00AC100C /* UdacityUser.swift in Sources */,
				57DD0FF61ADBFFFC00AC100C /* FoundationExtensions.swift in Sources */,
			);
			runOnlyForDeploymentPostprocessing = 0;
		};
		578F3CC11AD5C4BE00416B99 /* Sources */ = {
			isa = PBXSourcesBuildPhase;
			buildActionMask = 2147483647;
			files = (
				578F3CCC1AD5C4BE00416B99 /* OnTheMapTests.swift in Sources */,
			);
			runOnlyForDeploymentPostprocessing = 0;
		};
/* End PBXSourcesBuildPhase section */

/* Begin PBXTargetDependency section */
		578F3CC71AD5C4BE00416B99 /* PBXTargetDependency */ = {
			isa = PBXTargetDependency;
			target = 578F3CAF1AD5C4BE00416B99 /* OnTheMap */;
			targetProxy = 578F3CC61AD5C4BE00416B99 /* PBXContainerItemProxy */;
		};
/* End PBXTargetDependency section */

/* Begin PBXVariantGroup section */
		578F3CB91AD5C4BE00416B99 /* Main.storyboard */ = {
			isa = PBXVariantGroup;
			children = (
				578F3CBA1AD5C4BE00416B99 /* Base */,
			);
			name = Main.storyboard;
			sourceTree = "<group>";
		};
		578F3CBE1AD5C4BE00416B99 /* LaunchScreen.xib */ = {
			isa = PBXVariantGroup;
			children = (
				578F3CBF1AD5C4BE00416B99 /* Base */,
			);
			name = LaunchScreen.xib;
			sourceTree = "<group>";
		};
/* End PBXVariantGroup section */

/* Begin XCBuildConfiguration section */
		578F3CCD1AD5C4BE00416B99 /* Debug */ = {
			isa = XCBuildConfiguration;
			buildSettings = {
				ALWAYS_SEARCH_USER_PATHS = NO;
				CLANG_CXX_LANGUAGE_STANDARD = "gnu++0x";
				CLANG_CXX_LIBRARY = "libc++";
				CLANG_ENABLE_MODULES = YES;
				CLANG_ENABLE_OBJC_ARC = YES;
				CLANG_WARN_BOOL_CONVERSION = YES;
				CLANG_WARN_CONSTANT_CONVERSION = YES;
				CLANG_WARN_DIRECT_OBJC_ISA_USAGE = YES_ERROR;
				CLANG_WARN_EMPTY_BODY = YES;
				CLANG_WARN_ENUM_CONVERSION = YES;
				CLANG_WARN_INT_CONVERSION = YES;
				CLANG_WARN_OBJC_ROOT_CLASS = YES_ERROR;
				CLANG_WARN_UNREACHABLE_CODE = YES;
				CLANG_WARN__DUPLICATE_METHOD_MATCH = YES;
				"CODE_SIGN_IDENTITY[sdk=iphoneos*]" = "iPhone Developer";
				COPY_PHASE_STRIP = NO;
				ENABLE_STRICT_OBJC_MSGSEND = YES;
				GCC_C_LANGUAGE_STANDARD = gnu99;
				GCC_DYNAMIC_NO_PIC = NO;
				GCC_OPTIMIZATION_LEVEL = 0;
				GCC_PREPROCESSOR_DEFINITIONS = (
					"DEBUG=1",
					"$(inherited)",
				);
				GCC_SYMBOLS_PRIVATE_EXTERN = NO;
				GCC_WARN_64_TO_32_BIT_CONVERSION = YES;
				GCC_WARN_ABOUT_RETURN_TYPE = YES_ERROR;
				GCC_WARN_UNDECLARED_SELECTOR = YES;
				GCC_WARN_UNINITIALIZED_AUTOS = YES_AGGRESSIVE;
				GCC_WARN_UNUSED_FUNCTION = YES;
				GCC_WARN_UNUSED_VARIABLE = YES;
				IPHONEOS_DEPLOYMENT_TARGET = 8.2;
				MTL_ENABLE_DEBUG_INFO = YES;
				ONLY_ACTIVE_ARCH = YES;
				SDKROOT = iphoneos;
				SWIFT_OPTIMIZATION_LEVEL = "-Onone";
			};
			name = Debug;
		};
		578F3CCE1AD5C4BE00416B99 /* Release */ = {
			isa = XCBuildConfiguration;
			buildSettings = {
				ALWAYS_SEARCH_USER_PATHS = NO;
				CLANG_CXX_LANGUAGE_STANDARD = "gnu++0x";
				CLANG_CXX_LIBRARY = "libc++";
				CLANG_ENABLE_MODULES = YES;
				CLANG_ENABLE_OBJC_ARC = YES;
				CLANG_WARN_BOOL_CONVERSION = YES;
				CLANG_WARN_CONSTANT_CONVERSION = YES;
				CLANG_WARN_DIRECT_OBJC_ISA_USAGE = YES_ERROR;
				CLANG_WARN_EMPTY_BODY = YES;
				CLANG_WARN_ENUM_CONVERSION = YES;
				CLANG_WARN_INT_CONVERSION = YES;
				CLANG_WARN_OBJC_ROOT_CLASS = YES_ERROR;
				CLANG_WARN_UNREACHABLE_CODE = YES;
				CLANG_WARN__DUPLICATE_METHOD_MATCH = YES;
				"CODE_SIGN_IDENTITY[sdk=iphoneos*]" = "iPhone Developer";
				COPY_PHASE_STRIP = NO;
				ENABLE_NS_ASSERTIONS = NO;
				ENABLE_STRICT_OBJC_MSGSEND = YES;
				GCC_C_LANGUAGE_STANDARD = gnu99;
				GCC_WARN_64_TO_32_BIT_CONVERSION = YES;
				GCC_WARN_ABOUT_RETURN_TYPE = YES_ERROR;
				GCC_WARN_UNDECLARED_SELECTOR = YES;
				GCC_WARN_UNINITIALIZED_AUTOS = YES_AGGRESSIVE;
				GCC_WARN_UNUSED_FUNCTION = YES;
				GCC_WARN_UNUSED_VARIABLE = YES;
				IPHONEOS_DEPLOYMENT_TARGET = 8.2;
				MTL_ENABLE_DEBUG_INFO = NO;
				SDKROOT = iphoneos;
				VALIDATE_PRODUCT = YES;
			};
			name = Release;
		};
		578F3CD01AD5C4BE00416B99 /* Debug */ = {
			isa = XCBuildConfiguration;
			buildSettings = {
				ASSETCATALOG_COMPILER_APPICON_NAME = AppIcon;
				CLANG_ALLOW_NON_MODULAR_INCLUDES_IN_FRAMEWORK_MODULES = NO;
				CLANG_ENABLE_MODULES = YES;
				FRAMEWORK_SEARCH_PATHS = (
					"$(inherited)",
					/Users/humber/Documents/FacebookSDK,
				);
				INFOPLIST_FILE = OnTheMap/Info.plist;
				LD_RUNPATH_SEARCH_PATHS = "$(inherited) @executable_path/Frameworks";
				OTHER_LDFLAGS = "";
				PRODUCT_NAME = "$(TARGET_NAME)";
				SWIFT_OBJC_BRIDGING_HEADER = "OnTheMap/Bridging-Header.h";
			};
			name = Debug;
		};
		578F3CD11AD5C4BE00416B99 /* Release */ = {
			isa = XCBuildConfiguration;
			buildSettings = {
				ASSETCATALOG_COMPILER_APPICON_NAME = AppIcon;
				CLANG_ALLOW_NON_MODULAR_INCLUDES_IN_FRAMEWORK_MODULES = NO;
				CLANG_ENABLE_MODULES = YES;
				FRAMEWORK_SEARCH_PATHS = (
					"$(inherited)",
					/Users/humber/Documents/FacebookSDK,
				);
				INFOPLIST_FILE = OnTheMap/Info.plist;
				LD_RUNPATH_SEARCH_PATHS = "$(inherited) @executable_path/Frameworks";
				OTHER_LDFLAGS = "";
				PRODUCT_NAME = "$(TARGET_NAME)";
				SWIFT_OBJC_BRIDGING_HEADER = "OnTheMap/Bridging-Header.h";
			};
			name = Release;
		};
		578F3CD31AD5C4BE00416B99 /* Debug */ = {
			isa = XCBuildConfiguration;
			buildSettings = {
				BUNDLE_LOADER = "$(TEST_HOST)";
				FRAMEWORK_SEARCH_PATHS = (
					"$(SDKROOT)/Developer/Library/Frameworks",
					"$(inherited)",
				);
				GCC_PREPROCESSOR_DEFINITIONS = (
					"DEBUG=1",
					"$(inherited)",
				);
				INFOPLIST_FILE = OnTheMapTests/Info.plist;
				LD_RUNPATH_SEARCH_PATHS = "$(inherited) @executable_path/Frameworks @loader_path/Frameworks";
				PRODUCT_NAME = "$(TARGET_NAME)";
				TEST_HOST = "$(BUILT_PRODUCTS_DIR)/OnTheMap.app/OnTheMap";
			};
			name = Debug;
		};
		578F3CD41AD5C4BE00416B99 /* Release */ = {
			isa = XCBuildConfiguration;
			buildSettings = {
				BUNDLE_LOADER = "$(TEST_HOST)";
				FRAMEWORK_SEARCH_PATHS = (
					"$(SDKROOT)/Developer/Library/Frameworks",
					"$(inherited)",
				);
				INFOPLIST_FILE = OnTheMapTests/Info.plist;
				LD_RUNPATH_SEARCH_PATHS = "$(inherited) @executable_path/Frameworks @loader_path/Frameworks";
				PRODUCT_NAME = "$(TARGET_NAME)";
				TEST_HOST = "$(BUILT_PRODUCTS_DIR)/OnTheMap.app/OnTheMap";
			};
			name = Release;
		};
/* End XCBuildConfiguration section */

/* Begin XCConfigurationList section */
		578F3CAB1AD5C4BE00416B99 /* Build configuration list for PBXProject "OnTheMap" */ = {
			isa = XCConfigurationList;
			buildConfigurations = (
				578F3CCD1AD5C4BE00416B99 /* Debug */,
				578F3CCE1AD5C4BE00416B99 /* Release */,
			);
			defaultConfigurationIsVisible = 0;
			defaultConfigurationName = Release;
		};
		578F3CCF1AD5C4BE00416B99 /* Build configuration list for PBXNativeTarget "OnTheMap" */ = {
			isa = XCConfigurationList;
			buildConfigurations = (
				578F3CD01AD5C4BE00416B99 /* Debug */,
				578F3CD11AD5C4BE00416B99 /* Release */,
			);
			defaultConfigurationIsVisible = 0;
			defaultConfigurationName = Release;
		};
		578F3CD21AD5C4BE00416B99 /* Build configuration list for PBXNativeTarget "OnTheMapTests" */ = {
			isa = XCConfigurationList;
			buildConfigurations = (
				578F3CD31AD5C4BE00416B99 /* Debug */,
				578F3CD41AD5C4BE00416B99 /* Release */,
			);
			defaultConfigurationIsVisible = 0;
			defaultConfigurationName = Release;
		};
/* End XCConfigurationList section */
	};
	rootObject = 578F3CA81AD5C4BE00416B99 /* Project object */;
}
